
Microsoft Visual Studio Solution File, Format Version 12.00
# Visual Studio Version 17
VisualStudioVersion = 17.4.33205.214
MinimumVisualStudioVersion = 10.0.40219.1
Project("{FAE04EC0-301F-11D3-BF4B-00C04F79EFBC}") = "RentACar", "RentACar.csproj", "{DCFF1825-37A1-4314-9FCE-A9FCAF47628C}"
EndProject
Global
	GlobalSection(SolutionConfigurationPlatforms) = preSolution
		Debug|Any CPU = Debug|Any CPU
		Release|Any CPU = Release|Any CPU
	EndGlobalSection
	GlobalSection(ProjectConfigurationPlatforms) = postSolution
		{DCFF1825-37A1-4314-9FCE-A9FCAF47628C}.Debug|Any CPU.ActiveCfg = Debug|Any CPU
		{DCFF1825-37A1-4314-9FCE-A9FCAF47628C}.Debug|Any CPU.Build.0 = Debug|Any CPU
		{DCFF1825-37A1-4314-9FCE-A9FCAF47628C}.Release|Any CPU.ActiveCfg = Release|Any CPU
		{DCFF1825-37A1-4314-9FCE-A9FCAF47628C}.Release|Any CPU.Build.0 = Release|Any CPU
	EndGlobalSection
	GlobalSection(SolutionProperties) = preSolution
		HideSolutionNode = FALSE
	EndGlobalSection
	GlobalSection(ExtensibilityGlobals) = postSolution
		SolutionGuid = {722AC4BF-CA51-48E4-A570-A7A8237B984B}
	EndGlobalSection
EndGlobal
